
Microsoft Visual Studio Solution File, Format Version 12.00
# Visual Studio Version 17
VisualStudioVersion = 17.4.33205.214
MinimumVisualStudioVersion = 10.0.40219.1
Project("{FAE04EC0-301F-11D3-BF4B-00C04F79EFBC}") = "TreeTask", "TreeTask.csproj", "{406E191B-0041-4DF2-A7AE-7D0F701931A2}"
EndProject
Global
	GlobalSection(SolutionConfigurationPlatforms) = preSolution
		Debug|Any CPU = Debug|Any CPU
		Release|Any CPU = Release|Any CPU
	EndGlobalSection
	GlobalSection(ProjectConfigurationPlatforms) = postSolution
		{406E191B-0041-4DF2-A7AE-7D0F701931A2}.Debug|Any CPU.ActiveCfg = Debug|Any CPU
		{406E191B-0041-4DF2-A7AE-7D0F701931A2}.Debug|Any CPU.Build.0 = Debug|Any CPU
		{406E191B-0041-4DF2-A7AE-7D0F701931A2}.Release|Any CPU.ActiveCfg = Release|Any CPU
		{406E191B-0041-4DF2-A7AE-7D0F701931A2}.Release|Any CPU.Build.0 = Release|Any CPU
	EndGlobalSection
	GlobalSection(SolutionProperties) = preSolution
		HideSolutionNode = FALSE
	EndGlobalSection
	GlobalSection(ExtensibilityGlobals) = postSolution
		SolutionGuid = {375218E8-C546-4812-8A40-AFA13A754CD7}
	EndGlobalSection
EndGlobal
